
Microsoft Visual Studio Solution File, Format Version 12.00
# Visual Studio Version 16
VisualStudioVersion = 16.0.33801.447
MinimumVisualStudioVersion = 10.0.40219.1
Project("{FAE04EC0-301F-11D3-BF4B-00C04F79EFBC}") = "St_Fees", "St_Fees.csproj", "{0EFA16C5-AA34-4E15-98D5-443928387859}"
EndProject
Global
	GlobalSection(SolutionConfigurationPlatforms) = preSolution
		Debug|Any CPU = Debug|Any CPU
		Release|Any CPU = Release|Any CPU
	EndGlobalSection
	GlobalSection(ProjectConfigurationPlatforms) = postSolution
		{0EFA16C5-AA34-4E15-98D5-443928387859}.Debug|Any CPU.ActiveCfg = Debug|Any CPU
		{0EFA16C5-AA34-4E15-98D5-443928387859}.Debug|Any CPU.Build.0 = Debug|Any CPU
		{0EFA16C5-AA34-4E15-98D5-443928387859}.Release|Any CPU.ActiveCfg = Release|Any CPU
		{0EFA16C5-AA34-4E15-98D5-443928387859}.Release|Any CPU.Build.0 = Release|Any CPU
	EndGlobalSection
	GlobalSection(SolutionProperties) = preSolution
		HideSolutionNode = FALSE
	EndGlobalSection
	GlobalSection(ExtensibilityGlobals) = postSolution
		SolutionGuid = {9059EC80-186C-4F91-A146-B8309E84FE82}
	EndGlobalSection
EndGlobal
